
Microsoft Visual Studio Solution File, Format Version 12.00
# Visual Studio Version 16
VisualStudioVersion = 16.0.31729.503
MinimumVisualStudioVersion = 10.0.40219.1
Project("{FAE04EC0-301F-11D3-BF4B-00C04F79EFBC}") = "MvcCoreClienteApiHospitales", "MvcCoreClienteApiHospitales\MvcCoreClienteApiHospitales.csproj", "{0995901C-2C10-4AA0-9DBE-7D715F689509}"
EndProject
Global
	GlobalSection(SolutionConfigurationPlatforms) = preSolution
		Debug|Any CPU = Debug|Any CPU
		Release|Any CPU = Release|Any CPU
	EndGlobalSection
	GlobalSection(ProjectConfigurationPlatforms) = postSolution
		{0995901C-2C10-4AA0-9DBE-7D715F689509}.Debug|Any CPU.ActiveCfg = Debug|Any CPU
		{0995901C-2C10-4AA0-9DBE-7D715F689509}.Debug|Any CPU.Build.0 = Debug|Any CPU
		{0995901C-2C10-4AA0-9DBE-7D715F689509}.Release|Any CPU.ActiveCfg = Release|Any CPU
		{0995901C-2C10-4AA0-9DBE-7D715F689509}.Release|Any CPU.Build.0 = Release|Any CPU
	EndGlobalSection
	GlobalSection(SolutionProperties) = preSolution
		HideSolutionNode = FALSE
	EndGlobalSection
	GlobalSection(ExtensibilityGlobals) = postSolution
		SolutionGuid = {186EE482-03AB-42DB-8746-2FDD90522581}
	EndGlobalSection
EndGlobal
